{
  "name": "ELibrary",
  "lockfileVersion": 3,
  "requires": true,
  "packages": {
    "": {
      "dependencies": {
        "@flaticon/flaticon-uicons": "^3.3.1",
        "gsap": "^3.12.7"
      }
    },
    "node_modules/@flaticon/flaticon-uicons": {
      "version": "3.3.1",
      "resolved": "https://registry.npmjs.org/@flaticon/flaticon-uicons/-/flaticon-uicons-3.3.1.tgz",
      "integrity": "sha512-WN2zuECCdjuGBQrjzN0kpeSygzC5fgF8Q7pDR+FUuGtYWczSdIhIwoD+/fKBEfwqKfNIMZ1WouidevGQ4OJORg==",
      "optionalDependencies": {
        "esbuild-linux-64": "^0.14.5"
      }
    },
    "node_modules/esbuild-linux-64": {
      "version": "0.14.54",
      "resolved": "https://registry.npmjs.org/esbuild-linux-64/-/esbuild-linux-64-0.14.54.tgz",
      "integrity": "sha512-EgjAgH5HwTbtNsTqQOXWApBaPVdDn7XcK+/PtJwZLT1UmpLoznPd8c5CxqsH2dQK3j05YsB3L17T8vE7cp4cCg==",
      "cpu": [
        "x64"
      ],
      "optional": true,
      "os": [
        "linux"
      ],
      "engines": {
        "node": ">=12"
      }
    },
    "node_modules/gsap": {
      "version": "3.12.7",
      "resolved": "https://registry.npmjs.org/gsap/-/gsap-3.12.7.tgz",
      "integrity": "sha512-V4GsyVamhmKefvcAKaoy0h6si0xX7ogwBoBSs2CTJwt7luW0oZzC0LhdkyuKV8PJAXr7Yaj8pMjCKD4GJ+eEMg=="
    }
  }
}
